Microsoft Visual Studio Solution File, Format Version 12.00
# Visual Studio Version 17
VisualStudioVersion = 17.11.35222.181
MinimumVisualStudioVersion = 10.0.40219.1
Project("{2150E333-8FDC-42A3-9474-1A3956D46DE8}") = "contracts", "contracts", "{CB08E907-AF48-5065-9C45-97FE9F83601A}"
EndProject
Project("{2150E333-8FDC-42A3-9474-1A3956D46DE8}") = "src", "src", "{A76045BA-939A-571E-BD7E-388EAB02F4E8}"
EndProject
Project("{2150E333-8FDC-42A3-9474-1A3956D46DE8}") = "BuildingBlocks", "BuildingBlocks", "{151938DC-F8E9-5C1E-9F55-D6E64EC75BAB}"
EndProject
Project("{2150E333-8FDC-42A3-9474-1A3956D46DE8}") = "Gateways", "Gateways", "{2BA8D299-498F-5B7E-9350-688A11624F18}"
EndProject
Project("{2150E333-8FDC-42A3-9474-1A3956D46DE8}") = "Services", "Services", "{9AB2B017-5D09-597F-8793-29DFFB737095}"
EndProject
Project("{2150E333-8FDC-42A3-9474-1A3956D46DE8}") = "tests", "tests", "{C4AF026C-DCB5-53F4-8667-1837947994DD}"
EndProject
Project("{2150E333-8FDC-42A3-9474-1A3956D46DE8}") = "Identity", "Identity", "{9B89D91A-13DA-53F1-B38B-016B9D61B372}"
EndProject
Project("{2150E333-8FDC-42A3-9474-1A3956D46DE8}") = "Directory", "Directory", "{94FB175A-E537-5150-A5E3-64BBBE357192}"
EndProject
Project("{2150E333-8FDC-42A3-9474-1A3956D46DE8}") = "Delivery", "Delivery", "{5BC968DB-2DA0-57E4-A907-0068D186C43D}"
EndProject
Project("{2150E333-8FDC-42A3-9474-1A3956D46DE8}") = "Pricing", "Pricing", "{2057DCEF-9229-5DA1-9400-353F7F7EF18E}"
EndProject
Project("{2150E333-8FDC-42A3-9474-1A3956D46DE8}") = "Dispatch", "Dispatch", "{AE4BBE37-F7E7-5EAD-A7DD-05B6967A28D4}"
EndProject
Project("{2150E333-8FDC-42A3-9474-1A3956D46DE8}") = "Driver", "Driver", "{3ECEFCAF-8739-5F80-B411-2BA4FA3F0595}"
EndProject
Project("{2150E333-8FDC-42A3-9474-1A3956D46DE8}") = "Payment", "Payment", "{F34BFA4B-F61A-566C-87DD-43CD60D423B7}"
EndProject
Project("{2150E333-8FDC-42A3-9474-1A3956D46DE8}") = "Notification", "Notification", "{1D801D20-4A7B-54B3-8EAA-32DFA54A5799}"
EndProject
Project("{2150E333-8FDC-42A3-9474-1A3956D46DE8}") = "tests", "tests", "{B61CF90A-B3B1-543F-9A91-CB9E32FA978E}"
EndProject
Project("{2150E333-8FDC-42A3-9474-1A3956D46DE8}") = "tests", "tests", "{18FC4191-0DC8-5EDB-94E1-ACA3F4A6EA3D}"
EndProject
Project("{2150E333-8FDC-42A3-9474-1A3956D46DE8}") = "tests", "tests", "{B6B90238-78EC-5389-9C8A-31F14FE58902}"
EndProject
Project("{2150E333-8FDC-42A3-9474-1A3956D46DE8}") = "tests", "tests", "{2328788A-BFCC-5D4C-A94E-58E17F004769}"
EndProject
Project("{2150E333-8FDC-42A3-9474-1A3956D46DE8}") = "tests", "tests", "{B5AFFBBC-B032-5378-AE89-C3FDF9CB9FF9}"
EndProject
Project("{2150E333-8FDC-42A3-9474-1A3956D46DE8}") = "tests", "tests", "{15A22E95-26FF-5F8D-B8B2-5A78426BD846}"
EndProject
Project("{2150E333-8FDC-42A3-9474-1A3956D46DE8}") = "tests", "tests", "{4C343250-0084-5125-8B3A-0E258C989AAB}"
EndProject
Project("{2150E333-8FDC-42A3-9474-1A3956D46DE8}") = "tests", "tests", "{F9AB1DEE-6F35-5B27-AA39-14107F289689}"
EndProject
Project("{9A19103F-16F7-4668-BE54-9A1E7A4F7556}") = "Hba.Contracts", "contracts\Hba.Contracts.csproj", "{865EEFBF-93A5-537A-958A-4B1E221A0E6F}"
EndProject
Project("{9A19103F-16F7-4668-BE54-9A1E7A4F7556}") = "Hba.BuildingBlocks.Application", "src\BuildingBlocks\Hba.BuildingBlocks.Application\Hba.BuildingBlocks.Application.csproj", "{A332D84E-6704-5D6F-86DC-FE313A8E1AC7}"
EndProject
Project("{9A19103F-16F7-4668-BE54-9A1E7A4F7556}") = "Hba.BuildingBlocks.Domain", "src\BuildingBlocks\Hba.BuildingBlocks.Domain\Hba.BuildingBlocks.Domain.csproj", "{8CF7E8B4-177E-50DD-916F-7CB633D60617}"
EndProject
Project("{9A19103F-16F7-4668-BE54-9A1E7A4F7556}") = "Hba.BuildingBlocks.Grpc", "src\BuildingBlocks\Hba.BuildingBlocks.Grpc\Hba.BuildingBlocks.Grpc.csproj", "{B1D93797-2443-5EEA-8B4E-D3CC071902DE}"
EndProject
Project("{9A19103F-16F7-4668-BE54-9A1E7A4F7556}") = "Hba.BuildingBlocks.Messaging", "src\BuildingBlocks\Hba.BuildingBlocks.Messaging\Hba.BuildingBlocks.Messaging.csproj", "{55D55414-329E-59B7-85FA-E2C80514FC8D}"
EndProject
Project("{9A19103F-16F7-4668-BE54-9A1E7A4F7556}") = "Hba.BuildingBlocks.Observability", "src\BuildingBlocks\Hba.BuildingBlocks.Observability\Hba.BuildingBlocks.Observability.csproj", "{BACA4A3E-CFFE-5A72-A66C-5C7E673B3768}"
EndProject
Project("{9A19103F-16F7-4668-BE54-9A1E7A4F7556}") = "Hba.BuildingBlocks.Persistence", "src\BuildingBlocks\Hba.BuildingBlocks.Persistence\Hba.BuildingBlocks.Persistence.csproj", "{F926633A-62DF-5FF5-8F43-F1B8225F7AB1}"
EndProject
Project("{9A19103F-16F7-4668-BE54-9A1E7A4F7556}") = "Hba.BuildingBlocks.Security", "src\BuildingBlocks\Hba.BuildingBlocks.Security\Hba.BuildingBlocks.Security.csproj", "{F39597FD-292B-5430-A837-B135640054C1}"
EndProject
Project("{9A19103F-16F7-4668-BE54-9A1E7A4F7556}") = "Hba.Bff.Client", "src\Gateways\Hba.Bff.Client\Hba.Bff.Client.csproj", "{69CD1EA4-62AA-5E6E-AD8F-89755F1BEEC0}"
EndProject
Project("{9A19103F-16F7-4668-BE54-9A1E7A4F7556}") = "Hba.Bff.Driver", "src\Gateways\Hba.Bff.Driver\Hba.Bff.Driver.csproj", "{81FCC57C-462D-563F-9382-2A083D7519A4}"
EndProject
Project("{9A19103F-16F7-4668-BE54-9A1E7A4F7556}") = "Hba.Bff.Web", "src\Gateways\Hba.Bff.Web\Hba.Bff.Web.csproj", "{14735186-8DF5-52E9-8D2D-7C7FCA0DB2B4}"
EndProject
Project("{9A19103F-16F7-4668-BE54-9A1E7A4F7556}") = "Hba.PartnerApi", "src\Gateways\Hba.PartnerApi\Hba.PartnerApi.csproj", "{1DBA0649-7832-5AE4-9E52-2E6D0E65B21D}"
EndProject
Project("{9A19103F-16F7-4668-BE54-9A1E7A4F7556}") = "Hba.Delivery.Api", "src\Services\Delivery\Hba.Delivery.Api\Hba.Delivery.Api.csproj", "{684B47E9-D766-5B70-8247-CF13BCBB6D78}"
EndProject
Project("{9A19103F-16F7-4668-BE54-9A1E7A4F7556}") = "Hba.Delivery.Application", "src\Services\Delivery\Hba.Delivery.Application\Hba.Delivery.Application.csproj", "{B73B80C6-7EE1-5D08-8C06-10727B64D6D3}"
EndProject
Project("{9A19103F-16F7-4668-BE54-9A1E7A4F7556}") = "Hba.Delivery.Domain", "src\Services\Delivery\Hba.Delivery.Domain\Hba.Delivery.Domain.csproj", "{8921FD16-85BA-5651-9944-736451E2DD73}"
EndProject
Project("{9A19103F-16F7-4668-BE54-9A1E7A4F7556}") = "Hba.Delivery.Infrastructure", "src\Services\Delivery\Hba.Delivery.Infrastructure\Hba.Delivery.Infrastructure.csproj", "{326B854E-EAEA-59EC-A171-CA22B81171D1}"
EndProject
Project("{9A19103F-16F7-4668-BE54-9A1E7A4F7556}") = "Hba.Delivery.Domain.Tests", "src\Services\Delivery\tests\Hba.Delivery.Domain.Tests\Hba.Delivery.Domain.Tests.csproj", "{29434F1D-7A4B-5AB1-9B3C-68809ADCBDD5}"
EndProject
Project("{9A19103F-16F7-4668-BE54-9A1E7A4F7556}") = "Hba.Delivery.Integration.Tests", "src\Services\Delivery\tests\Hba.Delivery.Integration.Tests\Hba.Delivery.Integration.Tests.csproj", "{CED44B56-91E7-5319-A748-F0672F01EF29}"
EndProject
Project("{9A19103F-16F7-4668-BE54-9A1E7A4F7556}") = "Hba.Directory.Api", "src\Services\Directory\Hba.Directory.Api\Hba.Directory.Api.csproj", "{CFFB6AB5-540C-541E-AF0D-E643724EA7FE}"
EndProject
Project("{9A19103F-16F7-4668-BE54-9A1E7A4F7556}") = "Hba.Directory.Application", "src\Services\Directory\Hba.Directory.Application\Hba.Directory.Application.csproj", "{582F84EF-C764-54E4-901D-9123EBD11EE6}"
EndProject
Project("{9A19103F-16F7-4668-BE54-9A1E7A4F7556}") = "Hba.Directory.Domain", "src\Services\Directory\Hba.Directory.Domain\Hba.Directory.Domain.csproj", "{51049625-ED10-522B-9B87-3288E1CD1997}"
EndProject
Project("{9A19103F-16F7-4668-BE54-9A1E7A4F7556}") = "Hba.Directory.Infrastructure", "src\Services\Directory\Hba.Directory.Infrastructure\Hba.Directory.Infrastructure.csproj", "{6D848D74-104F-56E1-90E7-BE5262218F8C}"
EndProject
Project("{9A19103F-16F7-4668-BE54-9A1E7A4F7556}") = "Hba.Directory.Domain.Tests", "src\Services\Directory\tests\Hba.Directory.Domain.Tests\Hba.Directory.Domain.Tests.csproj", "{2B885638-AE7D-5E09-A6F1-F9FBB4394D78}"
EndProject
Project("{9A19103F-16F7-4668-BE54-9A1E7A4F7556}") = "Hba.Dispatch.Api", "src\Services\Dispatch\Hba.Dispatch.Api\Hba.Dispatch.Api.csproj", "{7C3D9BDA-8F1A-54B3-B5E0-AFFEB517F55A}"
EndProject
Project("{9A19103F-16F7-4668-BE54-9A1E7A4F7556}") = "Hba.Dispatch.Application", "src\Services\Dispatch\Hba.Dispatch.Application\Hba.Dispatch.Application.csproj", "{94B3055B-62A7-5139-A65F-1FD60228C634}"
EndProject
Project("{9A19103F-16F7-4668-BE54-9A1E7A4F7556}") = "Hba.Dispatch.Domain", "src\Services\Dispatch\Hba.Dispatch.Domain\Hba.Dispatch.Domain.csproj", "{7EBBB3F4-431E-598D-8F24-84801C6230C4}"
EndProject
Project("{9A19103F-16F7-4668-BE54-9A1E7A4F7556}") = "Hba.Dispatch.Infrastructure", "src\Services\Dispatch\Hba.Dispatch.Infrastructure\Hba.Dispatch.Infrastructure.csproj", "{CB4EE81C-5269-55C4-BE34-3F6EC8F9A0E9}"
EndProject
Project("{9A19103F-16F7-4668-BE54-9A1E7A4F7556}") = "Hba.Driver.Api", "src\Services\Driver\Hba.Driver.Api\Hba.Driver.Api.csproj", "{2564EE2F-E2E8-5A32-984A-25746C869ED6}"
EndProject
Project("{9A19103F-16F7-4668-BE54-9A1E7A4F7556}") = "Hba.Driver.Application", "src\Services\Driver\Hba.Driver.Application\Hba.Driver.Application.csproj", "{820C7ACF-E742-5978-8356-D2A21DC6DD65}"
EndProject
Project("{9A19103F-16F7-4668-BE54-9A1E7A4F7556}") = "Hba.Driver.Domain", "src\Services\Driver\Hba.Driver.Domain\Hba.Driver.Domain.csproj", "{04CBCE7D-471C-5F35-9051-CD18099BCB9A}"
EndProject
Project("{9A19103F-16F7-4668-BE54-9A1E7A4F7556}") = "Hba.Driver.Infrastructure", "src\Services\Driver\Hba.Driver.Infrastructure\Hba.Driver.Infrastructure.csproj", "{347F9E3D-3AFE-5044-BFC3-A7C3178A2E7F}"
EndProject
Project("{9A19103F-16F7-4668-BE54-9A1E7A4F7556}") = "Hba.Identity.Api", "src\Services\Identity\Hba.Identity.Api\Hba.Identity.Api.csproj", "{F32E072B-49C4-51BA-8843-2FDA8745B851}"
EndProject
Project("{9A19103F-16F7-4668-BE54-9A1E7A4F7556}") = "Hba.Identity.Application", "src\Services\Identity\Hba.Identity.Application\Hba.Identity.Application.csproj", "{19722B5B-5B11-5570-B7C9-A1F48BB8CEB6}"
EndProject
Project("{9A19103F-16F7-4668-BE54-9A1E7A4F7556}") = "Hba.Identity.Domain", "src\Services\Identity\Hba.Identity.Domain\Hba.Identity.Domain.csproj", "{48E4A6C0-F3A7-5B82-9598-85123E2DB661}"
EndProject
Project("{9A19103F-16F7-4668-BE54-9A1E7A4F7556}") = "Hba.Identity.Infrastructure", "src\Services\Identity\Hba.Identity.Infrastructure\Hba.Identity.Infrastructure.csproj", "{7AE32175-7055-5632-AF32-74257D03A44E}"
EndProject
Project("{9A19103F-16F7-4668-BE54-9A1E7A4F7556}") = "Hba.Identity.Domain.Tests", "src\Services\Identity\tests\Hba.Identity.Domain.Tests\Hba.Identity.Domain.Tests.csproj", "{5D57BC2D-9DA2-573A-BA8A-88CA4908D887}"
EndProject
Project("{9A19103F-16F7-4668-BE54-9A1E7A4F7556}") = "Hba.Notification.Api", "src\Services\Notification\Hba.Notification.Api\Hba.Notification.Api.csproj", "{C8F44239-A320-55D7-BD2D-A70E50CE8760}"
EndProject
Project("{9A19103F-16F7-4668-BE54-9A1E7A4F7556}") = "Hba.Notification.Application", "src\Services\Notification\Hba.Notification.Application\Hba.Notification.Application.csproj", "{705507D5-E66F-50CB-8FB5-437A84C600F0}"
EndProject
Project("{9A19103F-16F7-4668-BE54-9A1E7A4F7556}") = "Hba.Notification.Domain", "src\Services\Notification\Hba.Notification.Domain\Hba.Notification.Domain.csproj", "{539F64E4-C81C-56AD-99F3-7BEBBC4F23B4}"
EndProject
Project("{9A19103F-16F7-4668-BE54-9A1E7A4F7556}") = "Hba.Notification.Infrastructure", "src\Services\Notification\Hba.Notification.Infrastructure\Hba.Notification.Infrastructure.csproj", "{B096554A-A859-5279-A940-83FA739DC595}"
EndProject
Project("{9A19103F-16F7-4668-BE54-9A1E7A4F7556}") = "Hba.Notification.Domain.Tests", "src\Services\Notification\tests\Hba.Notification.Domain.Tests\Hba.Notification.Domain.Tests.csproj", "{B6371BCA-97E6-53A2-AB07-4F86DA8DE292}"
EndProject
Project("{9A19103F-16F7-4668-BE54-9A1E7A4F7556}") = "Hba.Payment.Api", "src\Services\Payment\Hba.Payment.Api\Hba.Payment.Api.csproj", "{76961FDA-560A-5F63-AD33-ACA05561DC7D}"
EndProject
Project("{9A19103F-16F7-4668-BE54-9A1E7A4F7556}") = "Hba.Payment.Application", "src\Services\Payment\Hba.Payment.Application\Hba.Payment.Application.csproj", "{DFA49B68-618C-55F3-860A-D173173735B8}"
EndProject
Project("{9A19103F-16F7-4668-BE54-9A1E7A4F7556}") = "Hba.Payment.Domain", "src\Services\Payment\Hba.Payment.Domain\Hba.Payment.Domain.csproj", "{309669CF-BEB6-550D-B769-E5800DC9F1B2}"
EndProject
Project("{9A19103F-16F7-4668-BE54-9A1E7A4F7556}") = "Hba.Payment.Infrastructure", "src\Services\Payment\Hba.Payment.Infrastructure\Hba.Payment.Infrastructure.csproj", "{919DB64C-A31C-54F7-827F-97F2BC370637}"
EndProject
Project("{9A19103F-16F7-4668-BE54-9A1E7A4F7556}") = "Hba.Pricing.Api", "src\Services\Pricing\Hba.Pricing.Api\Hba.Pricing.Api.csproj", "{5AB378F1-379A-5C76-80B7-78FA47D9E57C}"
EndProject
Project("{9A19103F-16F7-4668-BE54-9A1E7A4F7556}") = "Hba.Pricing.Application", "src\Services\Pricing\Hba.Pricing.Application\Hba.Pricing.Application.csproj", "{C5369C4E-CFB9-50B4-927D-960A73A1814A}"
EndProject
Project("{9A19103F-16F7-4668-BE54-9A1E7A4F7556}") = "Hba.Pricing.Domain", "src\Services\Pricing\Hba.Pricing.Domain\Hba.Pricing.Domain.csproj", "{2A4A0A40-0E69-5EA9-BDCD-8715CA37A160}"
EndProject
Project("{9A19103F-16F7-4668-BE54-9A1E7A4F7556}") = "Hba.Pricing.Infrastructure", "src\Services\Pricing\Hba.Pricing.Infrastructure\Hba.Pricing.Infrastructure.csproj", "{A04EF329-EBF0-500F-8B70-74B2BCB25CC1}"
EndProject
Project("{9A19103F-16F7-4668-BE54-9A1E7A4F7556}") = "Architecture.Tests", "tests\Architecture.Tests\Architecture.Tests.csproj", "{F89BF5FA-62EC-5F06-B8A9-DA9FE81CB479}"
EndProject
Project("{9A19103F-16F7-4668-BE54-9A1E7A4F7556}") = "EndToEnd.Tests", "tests\EndToEnd.Tests\EndToEnd.Tests.csproj", "{DAEA472F-9FD0-5003-9BBD-29A9423D1BBD}"
EndProject
Global
	GlobalSection(SolutionConfigurationPlatforms) = preSolution
		Debug|Any CPU = Debug|Any CPU
		Release|Any CPU = Release|Any CPU
	EndGlobalSection
	GlobalSection(ProjectConfigurationPlatforms) = postSolution
		{865EEFBF-93A5-537A-958A-4B1E221A0E6F}.Debug|Any CPU.ActiveCfg = Debug|Any CPU
		{865EEFBF-93A5-537A-958A-4B1E221A0E6F}.Debug|Any CPU.Build.0 = Debug|Any CPU
		{865EEFBF-93A5-537A-958A-4B1E221A0E6F}.Release|Any CPU.ActiveCfg = Release|Any CPU
		{865EEFBF-93A5-537A-958A-4B1E221A0E6F}.Release|Any CPU.Build.0 = Release|Any CPU
		{A332D84E-6704-5D6F-86DC-FE313A8E1AC7}.Debug|Any CPU.ActiveCfg = Debug|Any CPU
		{A332D84E-6704-5D6F-86DC-FE313A8E1AC7}.Debug|Any CPU.Build.0 = Debug|Any CPU
		{A332D84E-6704-5D6F-86DC-FE313A8E1AC7}.Release|Any CPU.ActiveCfg = Release|Any CPU
		{A332D84E-6704-5D6F-86DC-FE313A8E1AC7}.Release|Any CPU.Build.0 = Release|Any CPU
		{8CF7E8B4-177E-50DD-916F-7CB633D60617}.Debug|Any CPU.ActiveCfg = Debug|Any CPU
		{8CF7E8B4-177E-50DD-916F-7CB633D60617}.Debug|Any CPU.Build.0 = Debug|Any CPU
		{8CF7E8B4-177E-50DD-916F-7CB633D60617}.Release|Any CPU.ActiveCfg = Release|Any CPU
		{8CF7E8B4-177E-50DD-916F-7CB633D60617}.Release|Any CPU.Build.0 = Release|Any CPU
		{B1D93797-2443-5EEA-8B4E-D3CC071902DE}.Debug|Any CPU.ActiveCfg = Debug|Any CPU
		{B1D93797-2443-5EEA-8B4E-D3CC071902DE}.Debug|Any CPU.Build.0 = Debug|Any CPU
		{B1D93797-2443-5EEA-8B4E-D3CC071902DE}.Release|Any CPU.ActiveCfg = Release|Any CPU
		{B1D93797-2443-5EEA-8B4E-D3CC071902DE}.Release|Any CPU.Build.0 = Release|Any CPU
		{55D55414-329E-59B7-85FA-E2C80514FC8D}.Debug|Any CPU.ActiveCfg = Debug|Any CPU
		{55D55414-329E-59B7-85FA-E2C80514FC8D}.Debug|Any CPU.Build.0 = Debug|Any CPU
		{55D55414-329E-59B7-85FA-E2C80514FC8D}.Release|Any CPU.ActiveCfg = Release|Any CPU
		{55D55414-329E-59B7-85FA-E2C80514FC8D}.Release|Any CPU.Build.0 = Release|Any CPU
		{BACA4A3E-CFFE-5A72-A66C-5C7E673B3768}.Debug|Any CPU.ActiveCfg = Debug|Any CPU
		{BACA4A3E-CFFE-5A72-A66C-5C7E673B3768}.Debug|Any CPU.Build.0 = Debug|Any CPU
		{BACA4A3E-CFFE-5A72-A66C-5C7E673B3768}.Release|Any CPU.ActiveCfg = Release|Any CPU
		{BACA4A3E-CFFE-5A72-A66C-5C7E673B3768}.Release|Any CPU.Build.0 = Release|Any CPU
		{F926633A-62DF-5FF5-8F43-F1B8225F7AB1}.Debug|Any CPU.ActiveCfg = Debug|Any CPU
		{F926633A-62DF-5FF5-8F43-F1B8225F7AB1}.Debug|Any CPU.Build.0 = Debug|Any CPU
		{F926633A-62DF-5FF5-8F43-F1B8225F7AB1}.Release|Any CPU.ActiveCfg = Release|Any CPU
		{F926633A-62DF-5FF5-8F43-F1B8225F7AB1}.Release|Any CPU.Build.0 = Release|Any CPU
		{F39597FD-292B-5430-A837-B135640054C1}.Debug|Any CPU.ActiveCfg = Debug|Any CPU
		{F39597FD-292B-5430-A837-B135640054C1}.Debug|Any CPU.Build.0 = Debug|Any CPU
		{F39597FD-292B-5430-A837-B135640054C1}.Release|Any CPU.ActiveCfg = Release|Any CPU
		{F39597FD-292B-5430-A837-B135640054C1}.Release|Any CPU.Build.0 = Release|Any CPU
		{69CD1EA4-62AA-5E6E-AD8F-89755F1BEEC0}.Debug|Any CPU.ActiveCfg = Debug|Any CPU
		{69CD1EA4-62AA-5E6E-AD8F-89755F1BEEC0}.Debug|Any CPU.Build.0 = Debug|Any CPU
		{69CD1EA4-62AA-5E6E-AD8F-89755F1BEEC0}.Release|Any CPU.ActiveCfg = Release|Any CPU
		{69CD1EA4-62AA-5E6E-AD8F-89755F1BEEC0}.Release|Any CPU.Build.0 = Release|Any CPU
		{81FCC57C-462D-563F-9382-2A083D7519A4}.Debug|Any CPU.ActiveCfg = Debug|Any CPU
		{81FCC57C-462D-563F-9382-2A083D7519A4}.Debug|Any CPU.Build.0 = Debug|Any CPU
		{81FCC57C-462D-563F-9382-2A083D7519A4}.Release|Any CPU.ActiveCfg = Release|Any CPU
		{81FCC57C-462D-563F-9382-2A083D7519A4}.Release|Any CPU.Build.0 = Release|Any CPU
		{14735186-8DF5-52E9-8D2D-7C7FCA0DB2B4}.Debug|Any CPU.ActiveCfg = Debug|Any CPU
		{14735186-8DF5-52E9-8D2D-7C7FCA0DB2B4}.Debug|Any CPU.Build.0 = Debug|Any CPU
		{14735186-8DF5-52E9-8D2D-7C7FCA0DB2B4}.Release|Any CPU.ActiveCfg = Release|Any CPU
		{14735186-8DF5-52E9-8D2D-7C7FCA0DB2B4}.Release|Any CPU.Build.0 = Release|Any CPU
		{1DBA0649-7832-5AE4-9E52-2E6D0E65B21D}.Debug|Any CPU.ActiveCfg = Debug|Any CPU
		{1DBA0649-7832-5AE4-9E52-2E6D0E65B21D}.Debug|Any CPU.Build.0 = Debug|Any CPU
		{1DBA0649-7832-5AE4-9E52-2E6D0E65B21D}.Release|Any CPU.ActiveCfg = Release|Any CPU
		{1DBA0649-7832-5AE4-9E52-2E6D0E65B21D}.Release|Any CPU.Build.0 = Release|Any CPU
		{684B47E9-D766-5B70-8247-CF13BCBB6D78}.Debug|Any CPU.ActiveCfg = Debug|Any CPU
		{684B47E9-D766-5B70-8247-CF13BCBB6D78}.Debug|Any CPU.Build.0 = Debug|Any CPU
		{684B47E9-D766-5B70-8247-CF13BCBB6D78}.Release|Any CPU.ActiveCfg = Release|Any CPU
		{684B47E9-D766-5B70-8247-CF13BCBB6D78}.Release|Any CPU.Build.0 = Release|Any CPU
		{B73B80C6-7EE1-5D08-8C06-10727B64D6D3}.Debug|Any CPU.ActiveCfg = Debug|Any CPU
		{B73B80C6-7EE1-5D08-8C06-10727B64D6D3}.Debug|Any CPU.Build.0 = Debug|Any CPU
		{B73B80C6-7EE1-5D08-8C06-10727B64D6D3}.Release|Any CPU.ActiveCfg = Release|Any CPU
		{B73B80C6-7EE1-5D08-8C06-10727B64D6D3}.Release|Any CPU.Build.0 = Release|Any CPU
		{8921FD16-85BA-5651-9944-736451E2DD73}.Debug|Any CPU.ActiveCfg = Debug|Any CPU
		{8921FD16-85BA-5651-9944-736451E2DD73}.Debug|Any CPU.Build.0 = Debug|Any CPU
		{8921FD16-85BA-5651-9944-736451E2DD73}.Release|Any CPU.ActiveCfg = Release|Any CPU
		{8921FD16-85BA-5651-9944-736451E2DD73}.Release|Any CPU.Build.0 = Release|Any CPU
		{326B854E-EAEA-59EC-A171-CA22B81171D1}.Debug|Any CPU.ActiveCfg = Debug|Any CPU
		{326B854E-EAEA-59EC-A171-CA22B81171D1}.Debug|Any CPU.Build.0 = Debug|Any CPU
		{326B854E-EAEA-59EC-A171-CA22B81171D1}.Release|Any CPU.ActiveCfg = Release|Any CPU
		{326B854E-EAEA-59EC-A171-CA22B81171D1}.Release|Any CPU.Build.0 = Release|Any CPU
		{29434F1D-7A4B-5AB1-9B3C-68809ADCBDD5}.Debug|Any CPU.ActiveCfg = Debug|Any CPU
		{29434F1D-7A4B-5AB1-9B3C-68809ADCBDD5}.Debug|Any CPU.Build.0 = Debug|Any CPU
		{29434F1D-7A4B-5AB1-9B3C-68809ADCBDD5}.Release|Any CPU.ActiveCfg = Release|Any CPU
		{29434F1D-7A4B-5AB1-9B3C-68809ADCBDD5}.Release|Any CPU.Build.0 = Release|Any CPU
		{CED44B56-91E7-5319-A748-F0672F01EF29}.Debug|Any CPU.ActiveCfg = Debug|Any CPU
		{CED44B56-91E7-5319-A748-F0672F01EF29}.Debug|Any CPU.Build.0 = Debug|Any CPU
		{CED44B56-91E7-5319-A748-F0672F01EF29}.Release|Any CPU.ActiveCfg = Release|Any CPU
		{CED44B56-91E7-5319-A748-F0672F01EF29}.Release|Any CPU.Build.0 = Release|Any CPU
		{CFFB6AB5-540C-541E-AF0D-E643724EA7FE}.Debug|Any CPU.ActiveCfg = Debug|Any CPU
		{CFFB6AB5-540C-541E-AF0D-E643724EA7FE}.Debug|Any CPU.Build.0 = Debug|Any CPU
		{CFFB6AB5-540C-541E-AF0D-E643724EA7FE}.Release|Any CPU.ActiveCfg = Release|Any CPU
		{CFFB6AB5-540C-541E-AF0D-E643724EA7FE}.Release|Any CPU.Build.0 = Release|Any CPU
		{582F84EF-C764-54E4-901D-9123EBD11EE6}.Debug|Any CPU.ActiveCfg = Debug|Any CPU
		{582F84EF-C764-54E4-901D-9123EBD11EE6}.Debug|Any CPU.Build.0 = Debug|Any CPU
		{582F84EF-C764-54E4-901D-9123EBD11EE6}.Release|Any CPU.ActiveCfg = Release|Any CPU
		{582F84EF-C764-54E4-901D-9123EBD11EE6}.Release|Any CPU.Build.0 = Release|Any CPU
		{51049625-ED10-522B-9B87-3288E1CD1997}.Debug|Any CPU.ActiveCfg = Debug|Any CPU
		{51049625-ED10-522B-9B87-3288E1CD1997}.Debug|Any CPU.Build.0 = Debug|Any CPU
		{51049625-ED10-522B-9B87-3288E1CD1997}.Release|Any CPU.ActiveCfg = Release|Any CPU
		{51049625-ED10-522B-9B87-3288E1CD1997}.Release|Any CPU.Build.0 = Release|Any CPU
		{6D848D74-104F-56E1-90E7-BE5262218F8C}.Debug|Any CPU.ActiveCfg = Debug|Any CPU
		{6D848D74-104F-56E1-90E7-BE5262218F8C}.Debug|Any CPU.Build.0 = Debug|Any CPU
		{6D848D74-104F-56E1-90E7-BE5262218F8C}.Release|Any CPU.ActiveCfg = Release|Any CPU
		{6D848D74-104F-56E1-90E7-BE5262218F8C}.Release|Any CPU.Build.0 = Release|Any CPU
		{2B885638-AE7D-5E09-A6F1-F9FBB4394D78}.Debug|Any CPU.ActiveCfg = Debug|Any CPU
		{2B885638-AE7D-5E09-A6F1-F9FBB4394D78}.Debug|Any CPU.Build.0 = Debug|Any CPU
		{2B885638-AE7D-5E09-A6F1-F9FBB4394D78}.Release|Any CPU.ActiveCfg = Release|Any CPU
		{2B885638-AE7D-5E09-A6F1-F9FBB4394D78}.Release|Any CPU.Build.0 = Release|Any CPU
		{7C3D9BDA-8F1A-54B3-B5E0-AFFEB517F55A}.Debug|Any CPU.ActiveCfg = Debug|Any CPU
		{7C3D9BDA-8F1A-54B3-B5E0-AFFEB517F55A}.Debug|Any CPU.Build.0 = Debug|Any CPU
		{7C3D9BDA-8F1A-54B3-B5E0-AFFEB517F55A}.Release|Any CPU.ActiveCfg = Release|Any CPU
		{7C3D9BDA-8F1A-54B3-B5E0-AFFEB517F55A}.Release|Any CPU.Build.0 = Release|Any CPU
		{94B3055B-62A7-5139-A65F-1FD60228C634}.Debug|Any CPU.ActiveCfg = Debug|Any CPU
		{94B3055B-62A7-5139-A65F-1FD60228C634}.Debug|Any CPU.Build.0 = Debug|Any CPU
		{94B3055B-62A7-5139-A65F-1FD60228C634}.Release|Any CPU.ActiveCfg = Release|Any CPU
		{94B3055B-62A7-5139-A65F-1FD60228C634}.Release|Any CPU.Build.0 = Release|Any CPU
		{7EBBB3F4-431E-598D-8F24-84801C6230C4}.Debug|Any CPU.ActiveCfg = Debug|Any CPU
		{7EBBB3F4-431E-598D-8F24-84801C6230C4}.Debug|Any CPU.Build.0 = Debug|Any CPU
		{7EBBB3F4-431E-598D-8F24-84801C6230C4}.Release|Any CPU.ActiveCfg = Release|Any CPU
		{7EBBB3F4-431E-598D-8F24-84801C6230C4}.Release|Any CPU.Build.0 = Release|Any CPU
		{CB4EE81C-5269-55C4-BE34-3F6EC8F9A0E9}.Debug|Any CPU.ActiveCfg = Debug|Any CPU
		{CB4EE81C-5269-55C4-BE34-3F6EC8F9A0E9}.Debug|Any CPU.Build.0 = Debug|Any CPU
		{CB4EE81C-5269-55C4-BE34-3F6EC8F9A0E9}.Release|Any CPU.ActiveCfg = Release|Any CPU
		{CB4EE81C-5269-55C4-BE34-3F6EC8F9A0E9}.Release|Any CPU.Build.0 = Release|Any CPU
		{2564EE2F-E2E8-5A32-984A-25746C869ED6}.Debug|Any CPU.ActiveCfg = Debug|Any CPU
		{2564EE2F-E2E8-5A32-984A-25746C869ED6}.Debug|Any CPU.Build.0 = Debug|Any CPU
		{2564EE2F-E2E8-5A32-984A-25746C869ED6}.Release|Any CPU.ActiveCfg = Release|Any CPU
		{2564EE2F-E2E8-5A32-984A-25746C869ED6}.Release|Any CPU.Build.0 = Release|Any CPU
		{820C7ACF-E742-5978-8356-D2A21DC6DD65}.Debug|Any CPU.ActiveCfg = Debug|Any CPU
		{820C7ACF-E742-5978-8356-D2A21DC6DD65}.Debug|Any CPU.Build.0 = Debug|Any CPU
		{820C7ACF-E742-5978-8356-D2A21DC6DD65}.Release|Any CPU.ActiveCfg = Release|Any CPU
		{820C7ACF-E742-5978-8356-D2A21DC6DD65}.Release|Any CPU.Build.0 = Release|Any CPU
		{04CBCE7D-471C-5F35-9051-CD18099BCB9A}.Debug|Any CPU.ActiveCfg = Debug|Any CPU
		{04CBCE7D-471C-5F35-9051-CD18099BCB9A}.Debug|Any CPU.Build.0 = Debug|Any CPU
		{04CBCE7D-471C-5F35-9051-CD18099BCB9A}.Release|Any CPU.ActiveCfg = Release|Any CPU
		{04CBCE7D-471C-5F35-9051-CD18099BCB9A}.Release|Any CPU.Build.0 = Release|Any CPU
		{347F9E3D-3AFE-5044-BFC3-A7C3178A2E7F}.Debug|Any CPU.ActiveCfg = Debug|Any CPU
		{347F9E3D-3AFE-5044-BFC3-A7C3178A2E7F}.Debug|Any CPU.Build.0 = Debug|Any CPU
		{347F9E3D-3AFE-5044-BFC3-A7C3178A2E7F}.Release|Any CPU.ActiveCfg = Release|Any CPU
		{347F9E3D-3AFE-5044-BFC3-A7C3178A2E7F}.Release|Any CPU.Build.0 = Release|Any CPU
		{F32E072B-49C4-51BA-8843-2FDA8745B851}.Debug|Any CPU.ActiveCfg = Debug|Any CPU
		{F32E072B-49C4-51BA-8843-2FDA8745B851}.Debug|Any CPU.Build.0 = Debug|Any CPU
		{F32E072B-49C4-51BA-8843-2FDA8745B851}.Release|Any CPU.ActiveCfg = Release|Any CPU
		{F32E072B-49C4-51BA-8843-2FDA8745B851}.Release|Any CPU.Build.0 = Release|Any CPU
		{19722B5B-5B11-5570-B7C9-A1F48BB8CEB6}.Debug|Any CPU.ActiveCfg = Debug|Any CPU
		{19722B5B-5B11-5570-B7C9-A1F48BB8CEB6}.Debug|Any CPU.Build.0 = Debug|Any CPU
		{19722B5B-5B11-5570-B7C9-A1F48BB8CEB6}.Release|Any CPU.ActiveCfg = Release|Any CPU
		{19722B5B-5B11-5570-B7C9-A1F48BB8CEB6}.Release|Any CPU.Build.0 = Release|Any CPU
		{48E4A6C0-F3A7-5B82-9598-85123E2DB661}.Debug|Any CPU.ActiveCfg = Debug|Any CPU
		{48E4A6C0-F3A7-5B82-9598-85123E2DB661}.Debug|Any CPU.Build.0 = Debug|Any CPU
		{48E4A6C0-F3A7-5B82-9598-85123E2DB661}.Release|Any CPU.ActiveCfg = Release|Any CPU
		{48E4A6C0-F3A7-5B82-9598-85123E2DB661}.Release|Any CPU.Build.0 = Release|Any CPU
		{7AE32175-7055-5632-AF32-74257D03A44E}.Debug|Any CPU.ActiveCfg = Debug|Any CPU
		{7AE32175-7055-5632-AF32-74257D03A44E}.Debug|Any CPU.Build.0 = Debug|Any CPU
		{7AE32175-7055-5632-AF32-74257D03A44E}.Release|Any CPU.ActiveCfg = Release|Any CPU
		{7AE32175-7055-5632-AF32-74257D03A44E}.Release|Any CPU.Build.0 = Release|Any CPU
		{5D57BC2D-9DA2-573A-BA8A-88CA4908D887}.Debug|Any CPU.ActiveCfg = Debug|Any CPU
		{5D57BC2D-9DA2-573A-BA8A-88CA4908D887}.Debug|Any CPU.Build.0 = Debug|Any CPU
		{5D57BC2D-9DA2-573A-BA8A-88CA4908D887}.Release|Any CPU.ActiveCfg = Release|Any CPU
		{5D57BC2D-9DA2-573A-BA8A-88CA4908D887}.Release|Any CPU.Build.0 = Release|Any CPU
		{C8F44239-A320-55D7-BD2D-A70E50CE8760}.Debug|Any CPU.ActiveCfg = Debug|Any CPU
		{C8F44239-A320-55D7-BD2D-A70E50CE8760}.Debug|Any CPU.Build.0 = Debug|Any CPU
		{C8F44239-A320-55D7-BD2D-A70E50CE8760}.Release|Any CPU.ActiveCfg = Release|Any CPU
		{C8F44239-A320-55D7-BD2D-A70E50CE8760}.Release|Any CPU.Build.0 = Release|Any CPU
		{705507D5-E66F-50CB-8FB5-437A84C600F0}.Debug|Any CPU.ActiveCfg = Debug|Any CPU
		{705507D5-E66F-50CB-8FB5-437A84C600F0}.Debug|Any CPU.Build.0 = Debug|Any CPU
		{705507D5-E66F-50CB-8FB5-437A84C600F0}.Release|Any CPU.ActiveCfg = Release|Any CPU
		{705507D5-E66F-50CB-8FB5-437A84C600F0}.Release|Any CPU.Build.0 = Release|Any CPU
		{539F64E4-C81C-56AD-99F3-7BEBBC4F23B4}.Debug|Any CPU.ActiveCfg = Debug|Any CPU
		{539F64E4-C81C-56AD-99F3-7BEBBC4F23B4}.Debug|Any CPU.Build.0 = Debug|Any CPU
		{539F64E4-C81C-56AD-99F3-7BEBBC4F23B4}.Release|Any CPU.ActiveCfg = Release|Any CPU
		{539F64E4-C81C-56AD-99F3-7BEBBC4F23B4}.Release|Any CPU.Build.0 = Release|Any CPU
		{B096554A-A859-5279-A940-83FA739DC595}.Debug|Any CPU.ActiveCfg = Debug|Any CPU
		{B096554A-A859-5279-A940-83FA739DC595}.Debug|Any CPU.Build.0 = Debug|Any CPU
		{B096554A-A859-5279-A940-83FA739DC595}.Release|Any CPU.ActiveCfg = Release|Any CPU
		{B096554A-A859-5279-A940-83FA739DC595}.Release|Any CPU.Build.0 = Release|Any CPU
		{B6371BCA-97E6-53A2-AB07-4F86DA8DE292}.Debug|Any CPU.ActiveCfg = Debug|Any CPU
		{B6371BCA-97E6-53A2-AB07-4F86DA8DE292}.Debug|Any CPU.Build.0 = Debug|Any CPU
		{B6371BCA-97E6-53A2-AB07-4F86DA8DE292}.Release|Any CPU.ActiveCfg = Release|Any CPU
		{B6371BCA-97E6-53A2-AB07-4F86DA8DE292}.Release|Any CPU.Build.0 = Release|Any CPU
		{76961FDA-560A-5F63-AD33-ACA05561DC7D}.Debug|Any CPU.ActiveCfg = Debug|Any CPU
		{76961FDA-560A-5F63-AD33-ACA05561DC7D}.Debug|Any CPU.Build.0 = Debug|Any CPU
		{76961FDA-560A-5F63-AD33-ACA05561DC7D}.Release|Any CPU.ActiveCfg = Release|Any CPU
		{76961FDA-560A-5F63-AD33-ACA05561DC7D}.Release|Any CPU.Build.0 = Release|Any CPU
		{DFA49B68-618C-55F3-860A-D173173735B8}.Debug|Any CPU.ActiveCfg = Debug|Any CPU
		{DFA49B68-618C-55F3-860A-D173173735B8}.Debug|Any CPU.Build.0 = Debug|Any CPU
		{DFA49B68-618C-55F3-860A-D173173735B8}.Release|Any CPU.ActiveCfg = Release|Any CPU
		{DFA49B68-618C-55F3-860A-D173173735B8}.Release|Any CPU.Build.0 = Release|Any CPU
		{309669CF-BEB6-550D-B769-E5800DC9F1B2}.Debug|Any CPU.ActiveCfg = Debug|Any CPU
		{309669CF-BEB6-550D-B769-E5800DC9F1B2}.Debug|Any CPU.Build.0 = Debug|Any CPU
		{309669CF-BEB6-550D-B769-E5800DC9F1B2}.Release|Any CPU.ActiveCfg = Release|Any CPU
		{309669CF-BEB6-550D-B769-E5800DC9F1B2}.Release|Any CPU.Build.0 = Release|Any CPU
		{919DB64C-A31C-54F7-827F-97F2BC370637}.Debug|Any CPU.ActiveCfg = Debug|Any CPU
		{919DB64C-A31C-54F7-827F-97F2BC370637}.Debug|Any CPU.Build.0 = Debug|Any CPU
		{919DB64C-A31C-54F7-827F-97F2BC370637}.Release|Any CPU.ActiveCfg = Release|Any CPU
		{919DB64C-A31C-54F7-827F-97F2BC370637}.Release|Any CPU.Build.0 = Release|Any CPU
		{5AB378F1-379A-5C76-80B7-78FA47D9E57C}.Debug|Any CPU.ActiveCfg = Debug|Any CPU
		{5AB378F1-379A-5C76-80B7-78FA47D9E57C}.Debug|Any CPU.Build.0 = Debug|Any CPU
		{5AB378F1-379A-5C76-80B7-78FA47D9E57C}.Release|Any CPU.ActiveCfg = Release|Any CPU
		{5AB378F1-379A-5C76-80B7-78FA47D9E57C}.Release|Any CPU.Build.0 = Release|Any CPU
		{C5369C4E-CFB9-50B4-927D-960A73A1814A}.Debug|Any CPU.ActiveCfg = Debug|Any CPU
		{C5369C4E-CFB9-50B4-927D-960A73A1814A}.Debug|Any CPU.Build.0 = Debug|Any CPU
		{C5369C4E-CFB9-50B4-927D-960A73A1814A}.Release|Any CPU.ActiveCfg = Release|Any CPU
		{C5369C4E-CFB9-50B4-927D-960A73A1814A}.Release|Any CPU.Build.0 = Release|Any CPU
		{2A4A0A40-0E69-5EA9-BDCD-8715CA37A160}.Debug|Any CPU.ActiveCfg = Debug|Any CPU
		{2A4A0A40-0E69-5EA9-BDCD-8715CA37A160}.Debug|Any CPU.Build.0 = Debug|Any CPU
		{2A4A0A40-0E69-5EA9-BDCD-8715CA37A160}.Release|Any CPU.ActiveCfg = Release|Any CPU
		{2A4A0A40-0E69-5EA9-BDCD-8715CA37A160}.Release|Any CPU.Build.0 = Release|Any CPU
		{A04EF329-EBF0-500F-8B70-74B2BCB25CC1}.Debug|Any CPU.ActiveCfg = Debug|Any CPU
		{A04EF329-EBF0-500F-8B70-74B2BCB25CC1}.Debug|Any CPU.Build.0 = Debug|Any CPU
		{A04EF329-EBF0-500F-8B70-74B2BCB25CC1}.Release|Any CPU.ActiveCfg = Release|Any CPU
		{A04EF329-EBF0-500F-8B70-74B2BCB25CC1}.Release|Any CPU.Build.0 = Release|Any CPU
		{F89BF5FA-62EC-5F06-B8A9-DA9FE81CB479}.Debug|Any CPU.ActiveCfg = Debug|Any CPU
		{F89BF5FA-62EC-5F06-B8A9-DA9FE81CB479}.Debug|Any CPU.Build.0 = Debug|Any CPU
		{F89BF5FA-62EC-5F06-B8A9-DA9FE81CB479}.Release|Any CPU.ActiveCfg = Release|Any CPU
		{F89BF5FA-62EC-5F06-B8A9-DA9FE81CB479}.Release|Any CPU.Build.0 = Release|Any CPU
		{DAEA472F-9FD0-5003-9BBD-29A9423D1BBD}.Debug|Any CPU.ActiveCfg = Debug|Any CPU
		{DAEA472F-9FD0-5003-9BBD-29A9423D1BBD}.Debug|Any CPU.Build.0 = Debug|Any CPU
		{DAEA472F-9FD0-5003-9BBD-29A9423D1BBD}.Release|Any CPU.ActiveCfg = Release|Any CPU
		{DAEA472F-9FD0-5003-9BBD-29A9423D1BBD}.Release|Any CPU.Build.0 = Release|Any CPU
	EndGlobalSection
	GlobalSection(SolutionProperties) = preSolution
		HideSolutionNode = FALSE
	EndGlobalSection
	GlobalSection(NestedProjects) = preSolution
		{151938DC-F8E9-5C1E-9F55-D6E64EC75BAB} = {A76045BA-939A-571E-BD7E-388EAB02F4E8}
		{2BA8D299-498F-5B7E-9350-688A11624F18} = {A76045BA-939A-571E-BD7E-388EAB02F4E8}
		{9AB2B017-5D09-597F-8793-29DFFB737095} = {A76045BA-939A-571E-BD7E-388EAB02F4E8}
		{9B89D91A-13DA-53F1-B38B-016B9D61B372} = {9AB2B017-5D09-597F-8793-29DFFB737095}
		{94FB175A-E537-5150-A5E3-64BBBE357192} = {9AB2B017-5D09-597F-8793-29DFFB737095}
		{5BC968DB-2DA0-57E4-A907-0068D186C43D} = {9AB2B017-5D09-597F-8793-29DFFB737095}
		{2057DCEF-9229-5DA1-9400-353F7F7EF18E} = {9AB2B017-5D09-597F-8793-29DFFB737095}
		{AE4BBE37-F7E7-5EAD-A7DD-05B6967A28D4} = {9AB2B017-5D09-597F-8793-29DFFB737095}
		{3ECEFCAF-8739-5F80-B411-2BA4FA3F0595} = {9AB2B017-5D09-597F-8793-29DFFB737095}
		{F34BFA4B-F61A-566C-87DD-43CD60D423B7} = {9AB2B017-5D09-597F-8793-29DFFB737095}
		{1D801D20-4A7B-54B3-8EAA-32DFA54A5799} = {9AB2B017-5D09-597F-8793-29DFFB737095}
		{B61CF90A-B3B1-543F-9A91-CB9E32FA978E} = {9B89D91A-13DA-53F1-B38B-016B9D61B372}
		{18FC4191-0DC8-5EDB-94E1-ACA3F4A6EA3D} = {94FB175A-E537-5150-A5E3-64BBBE357192}
		{B6B90238-78EC-5389-9C8A-31F14FE58902} = {5BC968DB-2DA0-57E4-A907-0068D186C43D}
		{2328788A-BFCC-5D4C-A94E-58E17F004769} = {2057DCEF-9229-5DA1-9400-353F7F7EF18E}
		{B5AFFBBC-B032-5378-AE89-C3FDF9CB9FF9} = {AE4BBE37-F7E7-5EAD-A7DD-05B6967A28D4}
		{15A22E95-26FF-5F8D-B8B2-5A78426BD846} = {3ECEFCAF-8739-5F80-B411-2BA4FA3F0595}
		{4C343250-0084-5125-8B3A-0E258C989AAB} = {F34BFA4B-F61A-566C-87DD-43CD60D423B7}
		{F9AB1DEE-6F35-5B27-AA39-14107F289689} = {1D801D20-4A7B-54B3-8EAA-32DFA54A5799}
		{865EEFBF-93A5-537A-958A-4B1E221A0E6F} = {CB08E907-AF48-5065-9C45-97FE9F83601A}
		{A332D84E-6704-5D6F-86DC-FE313A8E1AC7} = {151938DC-F8E9-5C1E-9F55-D6E64EC75BAB}
		{8CF7E8B4-177E-50DD-916F-7CB633D60617} = {151938DC-F8E9-5C1E-9F55-D6E64EC75BAB}
		{B1D93797-2443-5EEA-8B4E-D3CC071902DE} = {151938DC-F8E9-5C1E-9F55-D6E64EC75BAB}
		{55D55414-329E-59B7-85FA-E2C80514FC8D} = {151938DC-F8E9-5C1E-9F55-D6E64EC75BAB}
		{BACA4A3E-CFFE-5A72-A66C-5C7E673B3768} = {151938DC-F8E9-5C1E-9F55-D6E64EC75BAB}
		{F926633A-62DF-5FF5-8F43-F1B8225F7AB1} = {151938DC-F8E9-5C1E-9F55-D6E64EC75BAB}
		{F39597FD-292B-5430-A837-B135640054C1} = {151938DC-F8E9-5C1E-9F55-D6E64EC75BAB}
		{69CD1EA4-62AA-5E6E-AD8F-89755F1BEEC0} = {2BA8D299-498F-5B7E-9350-688A11624F18}
		{81FCC57C-462D-563F-9382-2A083D7519A4} = {2BA8D299-498F-5B7E-9350-688A11624F18}
		{14735186-8DF5-52E9-8D2D-7C7FCA0DB2B4} = {2BA8D299-498F-5B7E-9350-688A11624F18}
		{1DBA0649-7832-5AE4-9E52-2E6D0E65B21D} = {2BA8D299-498F-5B7E-9350-688A11624F18}
		{684B47E9-D766-5B70-8247-CF13BCBB6D78} = {5BC968DB-2DA0-57E4-A907-0068D186C43D}
		{B73B80C6-7EE1-5D08-8C06-10727B64D6D3} = {5BC968DB-2DA0-57E4-A907-0068D186C43D}
		{8921FD16-85BA-5651-9944-736451E2DD73} = {5BC968DB-2DA0-57E4-A907-0068D186C43D}
		{326B854E-EAEA-59EC-A171-CA22B81171D1} = {5BC968DB-2DA0-57E4-A907-0068D186C43D}
		{29434F1D-7A4B-5AB1-9B3C-68809ADCBDD5} = {B6B90238-78EC-5389-9C8A-31F14FE58902}
		{CED44B56-91E7-5319-A748-F0672F01EF29} = {B6B90238-78EC-5389-9C8A-31F14FE58902}
		{CFFB6AB5-540C-541E-AF0D-E643724EA7FE} = {94FB175A-E537-5150-A5E3-64BBBE357192}
		{582F84EF-C764-54E4-901D-9123EBD11EE6} = {94FB175A-E537-5150-A5E3-64BBBE357192}
		{51049625-ED10-522B-9B87-3288E1CD1997} = {94FB175A-E537-5150-A5E3-64BBBE357192}
		{6D848D74-104F-56E1-90E7-BE5262218F8C} = {94FB175A-E537-5150-A5E3-64BBBE357192}
		{2B885638-AE7D-5E09-A6F1-F9FBB4394D78} = {18FC4191-0DC8-5EDB-94E1-ACA3F4A6EA3D}
		{7C3D9BDA-8F1A-54B3-B5E0-AFFEB517F55A} = {AE4BBE37-F7E7-5EAD-A7DD-05B6967A28D4}
		{94B3055B-62A7-5139-A65F-1FD60228C634} = {AE4BBE37-F7E7-5EAD-A7DD-05B6967A28D4}
		{7EBBB3F4-431E-598D-8F24-84801C6230C4} = {AE4BBE37-F7E7-5EAD-A7DD-05B6967A28D4}
		{CB4EE81C-5269-55C4-BE34-3F6EC8F9A0E9} = {AE4BBE37-F7E7-5EAD-A7DD-05B6967A28D4}
		{2564EE2F-E2E8-5A32-984A-25746C869ED6} = {3ECEFCAF-8739-5F80-B411-2BA4FA3F0595}
		{820C7ACF-E742-5978-8356-D2A21DC6DD65} = {3ECEFCAF-8739-5F80-B411-2BA4FA3F0595}
		{04CBCE7D-471C-5F35-9051-CD18099BCB9A} = {3ECEFCAF-8739-5F80-B411-2BA4FA3F0595}
		{347F9E3D-3AFE-5044-BFC3-A7C3178A2E7F} = {3ECEFCAF-8739-5F80-B411-2BA4FA3F0595}
		{F32E072B-49C4-51BA-8843-2FDA8745B851} = {9B89D91A-13DA-53F1-B38B-016B9D61B372}
		{19722B5B-5B11-5570-B7C9-A1F48BB8CEB6} = {9B89D91A-13DA-53F1-B38B-016B9D61B372}
		{48E4A6C0-F3A7-5B82-9598-85123E2DB661} = {9B89D91A-13DA-53F1-B38B-016B9D61B372}
		{7AE32175-7055-5632-AF32-74257D03A44E} = {9B89D91A-13DA-53F1-B38B-016B9D61B372}
		{5D57BC2D-9DA2-573A-BA8A-88CA4908D887} = {B61CF90A-B3B1-543F-9A91-CB9E32FA978E}
		{C8F44239-A320-55D7-BD2D-A70E50CE8760} = {1D801D20-4A7B-54B3-8EAA-32DFA54A5799}
		{705507D5-E66F-50CB-8FB5-437A84C600F0} = {1D801D20-4A7B-54B3-8EAA-32DFA54A5799}
		{539F64E4-C81C-56AD-99F3-7BEBBC4F23B4} = {1D801D20-4A7B-54B3-8EAA-32DFA54A5799}
		{B096554A-A859-5279-A940-83FA739DC595} = {1D801D20-4A7B-54B3-8EAA-32DFA54A5799}
		{B6371BCA-97E6-53A2-AB07-4F86DA8DE292} = {F9AB1DEE-6F35-5B27-AA39-14107F289689}
		{76961FDA-560A-5F63-AD33-ACA05561DC7D} = {F34BFA4B-F61A-566C-87DD-43CD60D423B7}
		{DFA49B68-618C-55F3-860A-D173173735B8} = {F34BFA4B-F61A-566C-87DD-43CD60D423B7}
		{309669CF-BEB6-550D-B769-E5800DC9F1B2} = {F34BFA4B-F61A-566C-87DD-43CD60D423B7}
		{919DB64C-A31C-54F7-827F-97F2BC370637} = {F34BFA4B-F61A-566C-87DD-43CD60D423B7}
		{5AB378F1-379A-5C76-80B7-78FA47D9E57C} = {2057DCEF-9229-5DA1-9400-353F7F7EF18E}
		{C5369C4E-CFB9-50B4-927D-960A73A1814A} = {2057DCEF-9229-5DA1-9400-353F7F7EF18E}
		{2A4A0A40-0E69-5EA9-BDCD-8715CA37A160} = {2057DCEF-9229-5DA1-9400-353F7F7EF18E}
		{A04EF329-EBF0-500F-8B70-74B2BCB25CC1} = {2057DCEF-9229-5DA1-9400-353F7F7EF18E}
		{F89BF5FA-62EC-5F06-B8A9-DA9FE81CB479} = {C4AF026C-DCB5-53F4-8667-1837947994DD}
		{DAEA472F-9FD0-5003-9BBD-29A9423D1BBD} = {C4AF026C-DCB5-53F4-8667-1837947994DD}
	EndGlobalSection
	GlobalSection(ExtensibilityGlobals) = postSolution
		SolutionGuid = {91055C15-4FF9-540A-8064-B8C6656F808B}
	EndGlobalSection
EndGlobal
